
Microsoft Visual Studio Solution File, Format Version 12.00
# Visual Studio 14
VisualStudioVersion = 14.0.25420.1
MinimumVisualStudioVersion = 10.0.40219.1
Project("{FAE04EC0-301F-11D3-BF4B-00C04F79EFBC}") = "FabrikamFood", "FabrikamFood\FabrikamFood\FabrikamFood.csproj", "{78054013-7AE6-4950-98B0-FE5C5943CE53}"
EndProject
Project("{FAE04EC0-301F-11D3-BF4B-00C04F79EFBC}") = "FabrikamFood.Droid", "FabrikamFood\FabrikamFood.Droid\FabrikamFood.Droid.csproj", "{C464B664-9BE1-4B61-B3E3-66A6D4103DF4}"
EndProject
Project("{FAE04EC0-301F-11D3-BF4B-00C04F79EFBC}") = "FabrikamFood.iOS", "FabrikamFood\FabrikamFood.iOS\FabrikamFood.iOS.csproj", "{0DD04296-2289-4BD8-ADF8-E97B9F3AA637}"
EndProject
Project("{FAE04EC0-301F-11D3-BF4B-00C04F79EFBC}") = "FabrikamFood.WinPhone", "FabrikamFood\FabrikamFood.WinPhone\FabrikamFood.WinPhone.csproj", "{D05C27EB-81BF-4EC4-9D10-0FD5C146578C}"
EndProject
Project("{FAE04EC0-301F-11D3-BF4B-00C04F79EFBC}") = "FabrikamFood.UWP", "FabrikamFood\FabrikamFood.UWP\FabrikamFood.UWP.csproj", "{2414FA9A-7692-4622-A27B-818B7AB0B9C3}"
EndProject
Project("{FAE04EC0-301F-11D3-BF4B-00C04F79EFBC}") = "FabrikamFood.Windows", "FabrikamFood\FabrikamFood.Windows\FabrikamFood.Windows.csproj", "{97B774F8-C4C4-4204-AA3C-6467182D95D7}"
EndProject
Global
	GlobalSection(SolutionConfigurationPlatforms) = preSolution
		Ad-Hoc|Any CPU = Ad-Hoc|Any CPU
		Ad-Hoc|ARM = Ad-Hoc|ARM
		Ad-Hoc|iPhone = Ad-Hoc|iPhone
		Ad-Hoc|iPhoneSimulator = Ad-Hoc|iPhoneSimulator
		Ad-Hoc|x64 = Ad-Hoc|x64
		Ad-Hoc|x86 = Ad-Hoc|x86
		AppStore|Any CPU = AppStore|Any CPU
		AppStore|ARM = AppStore|ARM
		AppStore|iPhone = AppStore|iPhone
		AppStore|iPhoneSimulator = AppStore|iPhoneSimulator
		AppStore|x64 = AppStore|x64
		AppStore|x86 = AppStore|x86
		Debug|Any CPU = Debug|Any CPU
		Debug|ARM = Debug|ARM
		Debug|iPhone = Debug|iPhone
		Debug|iPhoneSimulator = Debug|iPhoneSimulator
		Debug|x64 = Debug|x64
		Debug|x86 = Debug|x86
		Release|Any CPU = Release|Any CPU
		Release|ARM = Release|ARM
		Release|iPhone = Release|iPhone
		Release|iPhoneSimulator = Release|iPhoneSimulator
		Release|x64 = Release|x64
		Release|x86 = Release|x86
	EndGlobalSection
	GlobalSection(ProjectConfigurationPlatforms) = postSolution
		{78054013-7AE6-4950-98B0-FE5C5943CE53}.Ad-Hoc|Any CPU.ActiveCfg = Release|Any CPU
		{78054013-7AE6-4950-98B0-FE5C5943CE53}.Ad-Hoc|Any CPU.Build.0 = Release|Any CPU
		{78054013-7AE6-4950-98B0-FE5C5943CE53}.Ad-Hoc|ARM.ActiveCfg = Release|Any CPU
		{78054013-7AE6-4950-98B0-FE5C5943CE53}.Ad-Hoc|ARM.Build.0 = Release|Any CPU
		{78054013-7AE6-4950-98B0-FE5C5943CE53}.Ad-Hoc|iPhone.ActiveCfg = Release|Any CPU
		{78054013-7AE6-4950-98B0-FE5C5943CE53}.Ad-Hoc|iPhone.Build.0 = Release|Any CPU
		{78054013-7AE6-4950-98B0-FE5C5943CE53}.Ad-Hoc|iPhoneSimulator.ActiveCfg = Release|Any CPU
		{78054013-7AE6-4950-98B0-FE5C5943CE53}.Ad-Hoc|iPhoneSimulator.Build.0 = Release|Any CPU
		{78054013-7AE6-4950-98B0-FE5C5943CE53}.Ad-Hoc|x64.ActiveCfg = Release|Any CPU
		{78054013-7AE6-4950-98B0-FE5C5943CE53}.Ad-Hoc|x64.Build.0 = Release|Any CPU
		{78054013-7AE6-4950-98B0-FE5C5943CE53}.Ad-Hoc|x86.ActiveCfg = Release|Any CPU
		{78054013-7AE6-4950-98B0-FE5C5943CE53}.Ad-Hoc|x86.Build.0 = Release|Any CPU
		{78054013-7AE6-4950-98B0-FE5C5943CE53}.AppStore|Any CPU.ActiveCfg = Release|Any CPU
		{78054013-7AE6-4950-98B0-FE5C5943CE53}.AppStore|Any CPU.Build.0 = Release|Any CPU
		{78054013-7AE6-4950-98B0-FE5C5943CE53}.AppStore|ARM.ActiveCfg = Release|Any CPU
		{78054013-7AE6-4950-98B0-FE5C5943CE53}.AppStore|ARM.Build.0 = Release|Any CPU
		{78054013-7AE6-4950-98B0-FE5C5943CE53}.AppStore|iPhone.ActiveCfg = Release|Any CPU
		{78054013-7AE6-4950-98B0-FE5C5943CE53}.AppStore|iPhone.Build.0 = Release|Any CPU
		{78054013-7AE6-4950-98B0-FE5C5943CE53}.AppStore|iPhoneSimulator.ActiveCfg = Release|Any CPU
		{78054013-7AE6-4950-98B0-FE5C5943CE53}.AppStore|iPhoneSimulator.Build.0 = Release|Any CPU
		{78054013-7AE6-4950-98B0-FE5C5943CE53}.AppStore|x64.ActiveCfg = Release|Any CPU
		{78054013-7AE6-4950-98B0-FE5C5943CE53}.AppStore|x64.Build.0 = Release|Any CPU
		{78054013-7AE6-4950-98B0-FE5C5943CE53}.AppStore|x86.ActiveCfg = Release|Any CPU
		{78054013-7AE6-4950-98B0-FE5C5943CE53}.AppStore|x86.Build.0 = Release|Any CPU
		{78054013-7AE6-4950-98B0-FE5C5943CE53}.Debug|Any CPU.ActiveCfg = Debug|Any CPU
		{78054013-7AE6-4950-98B0-FE5C5943CE53}.Debug|Any CPU.Build.0 = Debug|Any CPU
		{78054013-7AE6-4950-98B0-FE5C5943CE53}.Debug|ARM.ActiveCfg = Debug|Any CPU
		{78054013-7AE6-4950-98B0-FE5C5943CE53}.Debug|ARM.Build.0 = Debug|Any CPU
		{78054013-7AE6-4950-98B0-FE5C5943CE53}.Debug|iPhone.ActiveCfg = Debug|Any CPU
		{78054013-7AE6-4950-98B0-FE5C5943CE53}.Debug|iPhone.Build.0 = Debug|Any CPU
		{78054013-7AE6-4950-98B0-FE5C5943CE53}.Debug|iPhoneSimulator.ActiveCfg = Debug|Any CPU
		{78054013-7AE6-4950-98B0-FE5C5943CE53}.Debug|iPhoneSimulator.Build.0 = Debug|Any CPU
		{78054013-7AE6-4950-98B0-FE5C5943CE53}.Debug|x64.ActiveCfg = Debug|Any CPU
		{78054013-7AE6-4950-98B0-FE5C5943CE53}.Debug|x64.Build.0 = Debug|Any CPU
		{78054013-7AE6-4950-98B0-FE5C5943CE53}.Debug|x86.ActiveCfg = Debug|Any CPU
		{78054013-7AE6-4950-98B0-FE5C5943CE53}.Debug|x86.Build.0 = Debug|Any CPU
		{78054013-7AE6-4950-98B0-FE5C5943CE53}.Release|Any CPU.ActiveCfg = Release|Any CPU
		{78054013-7AE6-4950-98B0-FE5C5943CE53}.Release|Any CPU.Build.0 = Release|Any CPU
		{78054013-7AE6-4950-98B0-FE5C5943CE53}.Release|ARM.ActiveCfg = Release|Any CPU
		{78054013-7AE6-4950-98B0-FE5C5943CE53}.Release|ARM.Build.0 = Release|Any CPU
		{78054013-7AE6-4950-98B0-FE5C5943CE53}.Release|iPhone.ActiveCfg = Release|Any CPU
		{78054013-7AE6-4950-98B0-FE5C5943CE53}.Release|iPhone.Build.0 = Release|Any CPU
		{78054013-7AE6-4950-98B0-FE5C5943CE53}.Release|iPhoneSimulator.ActiveCfg = Release|Any CPU
		{78054013-7AE6-4950-98B0-FE5C5943CE53}.Release|iPhoneSimulator.Build.0 = Release|Any CPU
		{78054013-7AE6-4950-98B0-FE5C5943CE53}.Release|x64.ActiveCfg = Release|Any CPU
		{78054013-7AE6-4950-98B0-FE5C5943CE53}.Release|x64.Build.0 = Release|Any CPU
		{78054013-7AE6-4950-98B0-FE5C5943CE53}.Release|x86.ActiveCfg = Release|Any CPU
		{78054013-7AE6-4950-98B0-FE5C5943CE53}.Release|x86.Build.0 = Release|Any CPU
		{C464B664-9BE1-4B61-B3E3-66A6D4103DF4}.Ad-Hoc|Any CPU.ActiveCfg = Release|Any CPU
		{C464B664-9BE1-4B61-B3E3-66A6D4103DF4}.Ad-Hoc|Any CPU.Build.0 = Release|Any CPU
		{C464B664-9BE1-4B61-B3E3-66A6D4103DF4}.Ad-Hoc|Any CPU.Deploy.0 = Release|Any CPU
		{C464B664-9BE1-4B61-B3E3-66A6D4103DF4}.Ad-Hoc|ARM.ActiveCfg = Release|Any CPU
		{C464B664-9BE1-4B61-B3E3-66A6D4103DF4}.Ad-Hoc|ARM.Build.0 = Release|Any CPU
		{C464B664-9BE1-4B61-B3E3-66A6D4103DF4}.Ad-Hoc|ARM.Deploy.0 = Release|Any CPU
		{C464B664-9BE1-4B61-B3E3-66A6D4103DF4}.Ad-Hoc|iPhone.ActiveCfg = Release|Any CPU
		{C464B664-9BE1-4B61-B3E3-66A6D4103DF4}.Ad-Hoc|iPhone.Build.0 = Release|Any CPU
		{C464B664-9BE1-4B61-B3E3-66A6D4103DF4}.Ad-Hoc|iPhone.Deploy.0 = Release|Any CPU
		{C464B664-9BE1-4B61-B3E3-66A6D4103DF4}.Ad-Hoc|iPhoneSimulator.ActiveCfg = Release|Any CPU
		{C464B664-9BE1-4B61-B3E3-66A6D4103DF4}.Ad-Hoc|iPhoneSimulator.Build.0 = Release|Any CPU
		{C464B664-9BE1-4B61-B3E3-66A6D4103DF4}.Ad-Hoc|iPhoneSimulator.Deploy.0 = Release|Any CPU
		{C464B664-9BE1-4B61-B3E3-66A6D4103DF4}.Ad-Hoc|x64.ActiveCfg = Release|Any CPU
		{C464B664-9BE1-4B61-B3E3-66A6D4103DF4}.Ad-Hoc|x64.Build.0 = Release|Any CPU
		{C464B664-9BE1-4B61-B3E3-66A6D4103DF4}.Ad-Hoc|x64.Deploy.0 = Release|Any CPU
		{C464B664-9BE1-4B61-B3E3-66A6D4103DF4}.Ad-Hoc|x86.ActiveCfg = Release|Any CPU
		{C464B664-9BE1-4B61-B3E3-66A6D4103DF4}.Ad-Hoc|x86.Build.0 = Release|Any CPU
		{C464B664-9BE1-4B61-B3E3-66A6D4103DF4}.Ad-Hoc|x86.Deploy.0 = Release|Any CPU
		{C464B664-9BE1-4B61-B3E3-66A6D4103DF4}.AppStore|Any CPU.ActiveCfg = Release|Any CPU
		{C464B664-9BE1-4B61-B3E3-66A6D4103DF4}.AppStore|Any CPU.Build.0 = Release|Any CPU
		{C464B664-9BE1-4B61-B3E3-66A6D4103DF4}.AppStore|Any CPU.Deploy.0 = Release|Any CPU
		{C464B664-9BE1-4B61-B3E3-66A6D4103DF4}.AppStore|ARM.ActiveCfg = Release|Any CPU
		{C464B664-9BE1-4B61-B3E3-66A6D4103DF4}.AppStore|ARM.Build.0 = Release|Any CPU
		{C464B664-9BE1-4B61-B3E3-66A6D4103DF4}.AppStore|ARM.Deploy.0 = Release|Any CPU
		{C464B664-9BE1-4B61-B3E3-66A6D4103DF4}.AppStore|iPhone.ActiveCfg = Release|Any CPU
		{C464B664-9BE1-4B61-B3E3-66A6D4103DF4}.AppStore|iPhone.Build.0 = Release|Any CPU
		{C464B664-9BE1-4B61-B3E3-66A6D4103DF4}.AppStore|iPhone.Deploy.0 = Release|Any CPU
		{C464B664-9BE1-4B61-B3E3-66A6D4103DF4}.AppStore|iPhoneSimulator.ActiveCfg = Release|Any CPU
		{C464B664-9BE1-4B61-B3E3-66A6D4103DF4}.AppStore|iPhoneSimulator.Build.0 = Release|Any CPU
		{C464B664-9BE1-4B61-B3E3-66A6D4103DF4}.AppStore|iPhoneSimulator.Deploy.0 = Release|Any CPU
		{C464B664-9BE1-4B61-B3E3-66A6D4103DF4}.AppStore|x64.ActiveCfg = Release|Any CPU
		{C464B664-9BE1-4B61-B3E3-66A6D4103DF4}.AppStore|x64.Build.0 = Release|Any CPU
		{C464B664-9BE1-4B61-B3E3-66A6D4103DF4}.AppStore|x64.Deploy.0 = Release|Any CPU
		{C464B664-9BE1-4B61-B3E3-66A6D4103DF4}.AppStore|x86.ActiveCfg = Release|Any CPU
		{C464B664-9BE1-4B61-B3E3-66A6D4103DF4}.AppStore|x86.Build.0 = Release|Any CPU
		{C464B664-9BE1-4B61-B3E3-66A6D4103DF4}.AppStore|x86.Deploy.0 = Release|Any CPU
		{C464B664-9BE1-4B61-B3E3-66A6D4103DF4}.Debug|Any CPU.ActiveCfg = Debug|Any CPU
		{C464B664-9BE1-4B61-B3E3-66A6D4103DF4}.Debug|Any CPU.Build.0 = Debug|Any CPU
		{C464B664-9BE1-4B61-B3E3-66A6D4103DF4}.Debug|Any CPU.Deploy.0 = Debug|Any CPU
		{C464B664-9BE1-4B61-B3E3-66A6D4103DF4}.Debug|ARM.ActiveCfg = Debug|Any CPU
		{C464B664-9BE1-4B61-B3E3-66A6D4103DF4}.Debug|ARM.Build.0 = Debug|Any CPU
		{C464B664-9BE1-4B61-B3E3-66A6D4103DF4}.Debug|ARM.Deploy.0 = Debug|Any CPU
		{C464B664-9BE1-4B61-B3E3-66A6D4103DF4}.Debug|iPhone.ActiveCfg = Debug|Any CPU
		{C464B664-9BE1-4B61-B3E3-66A6D4103DF4}.Debug|iPhone.Build.0 = Debug|Any CPU
		{C464B664-9BE1-4B61-B3E3-66A6D4103DF4}.Debug|iPhone.Deploy.0 = Debug|Any CPU
		{C464B664-9BE1-4B61-B3E3-66A6D4103DF4}.Debug|iPhoneSimulator.ActiveCfg = Debug|Any CPU
		{C464B664-9BE1-4B61-B3E3-66A6D4103DF4}.Debug|iPhoneSimulator.Build.0 = Debug|Any CPU
		{C464B664-9BE1-4B61-B3E3-66A6D4103DF4}.Debug|iPhoneSimulator.Deploy.0 = Debug|Any CPU
		{C464B664-9BE1-4B61-B3E3-66A6D4103DF4}.Debug|x64.ActiveCfg = Debug|Any CPU
		{C464B664-9BE1-4B61-B3E3-66A6D4103DF4}.Debug|x64.Build.0 = Debug|Any CPU
		{C464B664-9BE1-4B61-B3E3-66A6D4103DF4}.Debug|x64.Deploy.0 = Debug|Any CPU
		{C464B664-9BE1-4B61-B3E3-66A6D4103DF4}.Debug|x86.ActiveCfg = Debug|Any CPU
		{C464B664-9BE1-4B61-B3E3-66A6D4103DF4}.Debug|x86.Build.0 = Debug|Any CPU
		{C464B664-9BE1-4B61-B3E3-66A6D4103DF4}.Debug|x86.Deploy.0 = Debug|Any CPU
		{C464B664-9BE1-4B61-B3E3-66A6D4103DF4}.Release|Any CPU.ActiveCfg = Release|Any CPU
		{C464B664-9BE1-4B61-B3E3-66A6D4103DF4}.Release|Any CPU.Build.0 = Release|Any CPU
		{C464B664-9BE1-4B61-B3E3-66A6D4103DF4}.Release|Any CPU.Deploy.0 = Release|Any CPU
		{C464B664-9BE1-4B61-B3E3-66A6D4103DF4}.Release|ARM.ActiveCfg = Release|Any CPU
		{C464B664-9BE1-4B61-B3E3-66A6D4103DF4}.Release|ARM.Build.0 = Release|Any CPU
		{C464B664-9BE1-4B61-B3E3-66A6D4103DF4}.Release|ARM.Deploy.0 = Release|Any CPU
		{C464B664-9BE1-4B61-B3E3-66A6D4103DF4}.Release|iPhone.ActiveCfg = Release|Any CPU
		{C464B664-9BE1-4B61-B3E3-66A6D4103DF4}.Release|iPhone.Build.0 = Release|Any CPU
		{C464B664-9BE1-4B61-B3E3-66A6D4103DF4}.Release|iPhone.Deploy.0 = Release|Any CPU
		{C464B664-9BE1-4B61-B3E3-66A6D4103DF4}.Release|iPhoneSimulator.ActiveCfg = Release|Any CPU
		{C464B664-9BE1-4B61-B3E3-66A6D4103DF4}.Release|iPhoneSimulator.Build.0 = Release|Any CPU
		{C464B664-9BE1-4B61-B3E3-66A6D4103DF4}.Release|iPhoneSimulator.Deploy.0 = Release|Any CPU
		{C464B664-9BE1-4B61-B3E3-66A6D4103DF4}.Release|x64.ActiveCfg = Release|Any CPU
		{C464B664-9BE1-4B61-B3E3-66A6D4103DF4}.Release|x64.Build.0 = Release|Any CPU
		{C464B664-9BE1-4B61-B3E3-66A6D4103DF4}.Release|x64.Deploy.0 = Release|Any CPU
		{C464B664-9BE1-4B61-B3E3-66A6D4103DF4}.Release|x86.ActiveCfg = Release|Any CPU
		{C464B664-9BE1-4B61-B3E3-66A6D4103DF4}.Release|x86.Build.0 = Release|Any CPU
		{C464B664-9BE1-4B61-B3E3-66A6D4103DF4}.Release|x86.Deploy.0 = Release|Any CPU
		{0DD04296-2289-4BD8-ADF8-E97B9F3AA637}.Ad-Hoc|Any CPU.ActiveCfg = Ad-Hoc|iPhone
		{0DD04296-2289-4BD8-ADF8-E97B9F3AA637}.Ad-Hoc|ARM.ActiveCfg = Ad-Hoc|iPhone
		{0DD04296-2289-4BD8-ADF8-E97B9F3AA637}.Ad-Hoc|iPhone.ActiveCfg = Ad-Hoc|iPhone
		{0DD04296-2289-4BD8-ADF8-E97B9F3AA637}.Ad-Hoc|iPhone.Build.0 = Ad-Hoc|iPhone
		{0DD04296-2289-4BD8-ADF8-E97B9F3AA637}.Ad-Hoc|iPhoneSimulator.ActiveCfg = Ad-Hoc|iPhoneSimulator
		{0DD04296-2289-4BD8-ADF8-E97B9F3AA637}.Ad-Hoc|iPhoneSimulator.Build.0 = Ad-Hoc|iPhoneSimulator
		{0DD04296-2289-4BD8-ADF8-E97B9F3AA637}.Ad-Hoc|x64.ActiveCfg = Ad-Hoc|iPhone
		{0DD04296-2289-4BD8-ADF8-E97B9F3AA637}.Ad-Hoc|x86.ActiveCfg = Ad-Hoc|iPhone
		{0DD04296-2289-4BD8-ADF8-E97B9F3AA637}.AppStore|Any CPU.ActiveCfg = AppStore|iPhone
		{0DD04296-2289-4BD8-ADF8-E97B9F3AA637}.AppStore|ARM.ActiveCfg = AppStore|iPhone
		{0DD04296-2289-4BD8-ADF8-E97B9F3AA637}.AppStore|iPhone.ActiveCfg = AppStore|iPhone
		{0DD04296-2289-4BD8-ADF8-E97B9F3AA637}.AppStore|iPhone.Build.0 = AppStore|iPhone
		{0DD04296-2289-4BD8-ADF8-E97B9F3AA637}.AppStore|iPhoneSimulator.ActiveCfg = AppStore|iPhoneSimulator
		{0DD04296-2289-4BD8-ADF8-E97B9F3AA637}.AppStore|iPhoneSimulator.Build.0 = AppStore|iPhoneSimulator
		{0DD04296-2289-4BD8-ADF8-E97B9F3AA637}.AppStore|x64.ActiveCfg = AppStore|iPhone
		{0DD04296-2289-4BD8-ADF8-E97B9F3AA637}.AppStore|x86.ActiveCfg = AppStore|iPhone
		{0DD04296-2289-4BD8-ADF8-E97B9F3AA637}.Debug|Any CPU.ActiveCfg = Debug|iPhone
		{0DD04296-2289-4BD8-ADF8-E97B9F3AA637}.Debug|ARM.ActiveCfg = Debug|iPhone
		{0DD04296-2289-4BD8-ADF8-E97B9F3AA637}.Debug|iPhone.ActiveCfg = Debug|iPhone
		{0DD04296-2289-4BD8-ADF8-E97B9F3AA637}.Debug|iPhone.Build.0 = Debug|iPhone
		{0DD04296-2289-4BD8-ADF8-E97B9F3AA637}.Debug|iPhoneSimulator.ActiveCfg = Debug|iPhoneSimulator
		{0DD04296-2289-4BD8-ADF8-E97B9F3AA637}.Debug|iPhoneSimulator.Build.0 = Debug|iPhoneSimulator
		{0DD04296-2289-4BD8-ADF8-E97B9F3AA637}.Debug|x64.ActiveCfg = Debug|iPhone
		{0DD04296-2289-4BD8-ADF8-E97B9F3AA637}.Debug|x86.ActiveCfg = Debug|iPhone
		{0DD04296-2289-4BD8-ADF8-E97B9F3AA637}.Release|Any CPU.ActiveCfg = Release|iPhone
		{0DD04296-2289-4BD8-ADF8-E97B9F3AA637}.Release|ARM.ActiveCfg = Release|iPhone
		{0DD04296-2289-4BD8-ADF8-E97B9F3AA637}.Release|iPhone.ActiveCfg = Release|iPhone
		{0DD04296-2289-4BD8-ADF8-E97B9F3AA637}.Release|iPhone.Build.0 = Release|iPhone
		{0DD04296-2289-4BD8-ADF8-E97B9F3AA637}.Release|iPhoneSimulator.ActiveCfg = Release|iPhoneSimulator
		{0DD04296-2289-4BD8-ADF8-E97B9F3AA637}.Release|iPhoneSimulator.Build.0 = Release|iPhoneSimulator
		{0DD04296-2289-4BD8-ADF8-E97B9F3AA637}.Release|x64.ActiveCfg = Release|iPhone
		{0DD04296-2289-4BD8-ADF8-E97B9F3AA637}.Release|x86.ActiveCfg = Release|iPhone
		{D05C27EB-81BF-4EC4-9D10-0FD5C146578C}.Ad-Hoc|Any CPU.ActiveCfg = Release|Any CPU
		{D05C27EB-81BF-4EC4-9D10-0FD5C146578C}.Ad-Hoc|Any CPU.Build.0 = Release|Any CPU
		{D05C27EB-81BF-4EC4-9D10-0FD5C146578C}.Ad-Hoc|Any CPU.Deploy.0 = Release|Any CPU
		{D05C27EB-81BF-4EC4-9D10-0FD5C146578C}.Ad-Hoc|ARM.ActiveCfg = Release|ARM
		{D05C27EB-81BF-4EC4-9D10-0FD5C146578C}.Ad-Hoc|ARM.Build.0 = Release|ARM
		{D05C27EB-81BF-4EC4-9D10-0FD5C146578C}.Ad-Hoc|ARM.Deploy.0 = Release|ARM
		{D05C27EB-81BF-4EC4-9D10-0FD5C146578C}.Ad-Hoc|iPhone.ActiveCfg = Release|Any CPU
		{D05C27EB-81BF-4EC4-9D10-0FD5C146578C}.Ad-Hoc|iPhone.Build.0 = Release|Any CPU
		{D05C27EB-81BF-4EC4-9D10-0FD5C146578C}.Ad-Hoc|iPhone.Deploy.0 = Release|Any CPU
		{D05C27EB-81BF-4EC4-9D10-0FD5C146578C}.Ad-Hoc|iPhoneSimulator.ActiveCfg = Release|Any CPU
		{D05C27EB-81BF-4EC4-9D10-0FD5C146578C}.Ad-Hoc|iPhoneSimulator.Build.0 = Release|Any CPU
		{D05C27EB-81BF-4EC4-9D10-0FD5C146578C}.Ad-Hoc|iPhoneSimulator.Deploy.0 = Release|Any CPU
		{D05C27EB-81BF-4EC4-9D10-0FD5C146578C}.Ad-Hoc|x64.ActiveCfg = Release|Any CPU
		{D05C27EB-81BF-4EC4-9D10-0FD5C146578C}.Ad-Hoc|x64.Build.0 = Release|Any CPU
		{D05C27EB-81BF-4EC4-9D10-0FD5C146578C}.Ad-Hoc|x64.Deploy.0 = Release|Any CPU
		{D05C27EB-81BF-4EC4-9D10-0FD5C146578C}.Ad-Hoc|x86.ActiveCfg = Release|x86
		{D05C27EB-81BF-4EC4-9D10-0FD5C146578C}.Ad-Hoc|x86.Build.0 = Release|x86
		{D05C27EB-81BF-4EC4-9D10-0FD5C146578C}.Ad-Hoc|x86.Deploy.0 = Release|x86
		{D05C27EB-81BF-4EC4-9D10-0FD5C146578C}.AppStore|Any CPU.ActiveCfg = Release|Any CPU
		{D05C27EB-81BF-4EC4-9D10-0FD5C146578C}.AppStore|Any CPU.Build.0 = Release|Any CPU
		{D05C27EB-81BF-4EC4-9D10-0FD5C146578C}.AppStore|Any CPU.Deploy.0 = Release|Any CPU
		{D05C27EB-81BF-4EC4-9D10-0FD5C146578C}.AppStore|ARM.ActiveCfg = Release|ARM
		{D05C27EB-81BF-4EC4-9D10-0FD5C146578C}.AppStore|ARM.Build.0 = Release|ARM
		{D05C27EB-81BF-4EC4-9D10-0FD5C146578C}.AppStore|ARM.Deploy.0 = Release|ARM
		{D05C27EB-81BF-4EC4-9D10-0FD5C146578C}.AppStore|iPhone.ActiveCfg = Release|Any CPU
		{D05C27EB-81BF-4EC4-9D10-0FD5C146578C}.AppStore|iPhone.Build.0 = Release|Any CPU
		{D05C27EB-81BF-4EC4-9D10-0FD5C146578C}.AppStore|iPhone.Deploy.0 = Release|Any CPU
		{D05C27EB-81BF-4EC4-9D10-0FD5C146578C}.AppStore|iPhoneSimulator.ActiveCfg = Release|Any CPU
		{D05C27EB-81BF-4EC4-9D10-0FD5C146578C}.AppStore|iPhoneSimulator.Build.0 = Release|Any CPU
		{D05C27EB-81BF-4EC4-9D10-0FD5C146578C}.AppStore|iPhoneSimulator.Deploy.0 = Release|Any CPU
		{D05C27EB-81BF-4EC4-9D10-0FD5C146578C}.AppStore|x64.ActiveCfg = Release|Any CPU
		{D05C27EB-81BF-4EC4-9D10-0FD5C146578C}.AppStore|x64.Build.0 = Release|Any CPU
		{D05C27EB-81BF-4EC4-9D10-0FD5C146578C}.AppStore|x64.Deploy.0 = Release|Any CPU
		{D05C27EB-81BF-4EC4-9D10-0FD5C146578C}.AppStore|x86.ActiveCfg = Release|x86
		{D05C27EB-81BF-4EC4-9D10-0FD5C146578C}.AppStore|x86.Build.0 = Release|x86
		{D05C27EB-81BF-4EC4-9D10-0FD5C146578C}.AppStore|x86.Deploy.0 = Release|x86
		{D05C27EB-81BF-4EC4-9D10-0FD5C146578C}.Debug|Any CPU.ActiveCfg = Debug|Any CPU
		{D05C27EB-81BF-4EC4-9D10-0FD5C146578C}.Debug|Any CPU.Build.0 = Debug|Any CPU
		{D05C27EB-81BF-4EC4-9D10-0FD5C146578C}.Debug|Any CPU.Deploy.0 = Debug|Any CPU
		{D05C27EB-81BF-4EC4-9D10-0FD5C146578C}.Debug|ARM.ActiveCfg = Debug|ARM
		{D05C27EB-81BF-4EC4-9D10-0FD5C146578C}.Debug|ARM.Build.0 = Debug|ARM
		{D05C27EB-81BF-4EC4-9D10-0FD5C146578C}.Debug|ARM.Deploy.0 = Debug|ARM
		{D05C27EB-81BF-4EC4-9D10-0FD5C146578C}.Debug|iPhone.ActiveCfg = Debug|Any CPU
		{D05C27EB-81BF-4EC4-9D10-0FD5C146578C}.Debug|iPhone.Build.0 = Debug|Any CPU
		{D05C27EB-81BF-4EC4-9D10-0FD5C146578C}.Debug|iPhone.Deploy.0 = Debug|Any CPU
		{D05C27EB-81BF-4EC4-9D10-0FD5C146578C}.Debug|iPhoneSimulator.ActiveCfg = Debug|Any CPU
		{D05C27EB-81BF-4EC4-9D10-0FD5C146578C}.Debug|iPhoneSimulator.Build.0 = Debug|Any CPU
		{D05C27EB-81BF-4EC4-9D10-0FD5C146578C}.Debug|iPhoneSimulator.Deploy.0 = Debug|Any CPU
		{D05C27EB-81BF-4EC4-9D10-0FD5C146578C}.Debug|x64.ActiveCfg = Debug|Any CPU
		{D05C27EB-81BF-4EC4-9D10-0FD5C146578C}.Debug|x64.Build.0 = Debug|Any CPU
		{D05C27EB-81BF-4EC4-9D10-0FD5C146578C}.Debug|x64.Deploy.0 = Debug|Any CPU
		{D05C27EB-81BF-4EC4-9D10-0FD5C146578C}.Debug|x86.ActiveCfg = Debug|x86
		{D05C27EB-81BF-4EC4-9D10-0FD5C146578C}.Debug|x86.Build.0 = Debug|x86
		{D05C27EB-81BF-4EC4-9D10-0FD5C146578C}.Debug|x86.Deploy.0 = Debug|x86
		{D05C27EB-81BF-4EC4-9D10-0FD5C146578C}.Release|Any CPU.ActiveCfg = Release|Any CPU
		{D05C27EB-81BF-4EC4-9D10-0FD5C146578C}.Release|Any CPU.Build.0 = Release|Any CPU
		{D05C27EB-81BF-4EC4-9D10-0FD5C146578C}.Release|Any CPU.Deploy.0 = Release|Any CPU
		{D05C27EB-81BF-4EC4-9D10-0FD5C146578C}.Release|ARM.ActiveCfg = Release|ARM
		{D05C27EB-81BF-4EC4-9D10-0FD5C146578C}.Release|ARM.Build.0 = Release|ARM
		{D05C27EB-81BF-4EC4-9D10-0FD5C146578C}.Release|ARM.Deploy.0 = Release|ARM
		{D05C27EB-81BF-4EC4-9D10-0FD5C146578C}.Release|iPhone.ActiveCfg = Release|Any CPU
		{D05C27EB-81BF-4EC4-9D10-0FD5C146578C}.Release|iPhone.Build.0 = Release|Any CPU
		{D05C27EB-81BF-4EC4-9D10-0FD5C146578C}.Release|iPhone.Deploy.0 = Release|Any CPU
		{D05C27EB-81BF-4EC4-9D10-0FD5C146578C}.Release|iPhoneSimulator.ActiveCfg = Release|Any CPU
		{D05C27EB-81BF-4EC4-9D10-0FD5C146578C}.Release|iPhoneSimulator.Build.0 = Release|Any CPU
		{D05C27EB-81BF-4EC4-9D10-0FD5C146578C}.Release|iPhoneSimulator.Deploy.0 = Release|Any CPU
		{D05C27EB-81BF-4EC4-9D10-0FD5C146578C}.Release|x64.ActiveCfg = Release|Any CPU
		{D05C27EB-81BF-4EC4-9D10-0FD5C146578C}.Release|x64.Build.0 = Release|Any CPU
		{D05C27EB-81BF-4EC4-9D10-0FD5C146578C}.Release|x64.Deploy.0 = Release|Any CPU
		{D05C27EB-81BF-4EC4-9D10-0FD5C146578C}.Release|x86.ActiveCfg = Release|x86
		{D05C27EB-81BF-4EC4-9D10-0FD5C146578C}.Release|x86.Build.0 = Release|x86
		{D05C27EB-81BF-4EC4-9D10-0FD5C146578C}.Release|x86.Deploy.0 = Release|x86
		{2414FA9A-7692-4622-A27B-818B7AB0B9C3}.Ad-Hoc|Any CPU.ActiveCfg = Release|x86
		{2414FA9A-7692-4622-A27B-818B7AB0B9C3}.Ad-Hoc|Any CPU.Build.0 = Release|x86
		{2414FA9A-7692-4622-A27B-818B7AB0B9C3}.Ad-Hoc|Any CPU.Deploy.0 = Release|x86
		{2414FA9A-7692-4622-A27B-818B7AB0B9C3}.Ad-Hoc|ARM.ActiveCfg = Release|ARM
		{2414FA9A-7692-4622-A27B-818B7AB0B9C3}.Ad-Hoc|ARM.Build.0 = Release|ARM
		{2414FA9A-7692-4622-A27B-818B7AB0B9C3}.Ad-Hoc|ARM.Deploy.0 = Release|ARM
		{2414FA9A-7692-4622-A27B-818B7AB0B9C3}.Ad-Hoc|iPhone.ActiveCfg = Release|x86
		{2414FA9A-7692-4622-A27B-818B7AB0B9C3}.Ad-Hoc|iPhone.Build.0 = Release|x86
		{2414FA9A-7692-4622-A27B-818B7AB0B9C3}.Ad-Hoc|iPhone.Deploy.0 = Release|x86
		{2414FA9A-7692-4622-A27B-818B7AB0B9C3}.Ad-Hoc|iPhoneSimulator.ActiveCfg = Release|x86
		{2414FA9A-7692-4622-A27B-818B7AB0B9C3}.Ad-Hoc|iPhoneSimulator.Build.0 = Release|x86
		{2414FA9A-7692-4622-A27B-818B7AB0B9C3}.Ad-Hoc|iPhoneSimulator.Deploy.0 = Release|x86
		{2414FA9A-7692-4622-A27B-818B7AB0B9C3}.Ad-Hoc|x64.ActiveCfg = Release|x64
		{2414FA9A-7692-4622-A27B-818B7AB0B9C3}.Ad-Hoc|x64.Build.0 = Release|x64
		{2414FA9A-7692-4622-A27B-818B7AB0B9C3}.Ad-Hoc|x64.Deploy.0 = Release|x64
		{2414FA9A-7692-4622-A27B-818B7AB0B9C3}.Ad-Hoc|x86.ActiveCfg = Release|x86
		{2414FA9A-7692-4622-A27B-818B7AB0B9C3}.Ad-Hoc|x86.Build.0 = Release|x86
		{2414FA9A-7692-4622-A27B-818B7AB0B9C3}.Ad-Hoc|x86.Deploy.0 = Release|x86
		{2414FA9A-7692-4622-A27B-818B7AB0B9C3}.AppStore|Any CPU.ActiveCfg = Release|x86
		{2414FA9A-7692-4622-A27B-818B7AB0B9C3}.AppStore|Any CPU.Build.0 = Release|x86
		{2414FA9A-7692-4622-A27B-818B7AB0B9C3}.AppStore|Any CPU.Deploy.0 = Release|x86
		{2414FA9A-7692-4622-A27B-818B7AB0B9C3}.AppStore|ARM.ActiveCfg = Release|ARM
		{2414FA9A-7692-4622-A27B-818B7AB0B9C3}.AppStore|ARM.Build.0 = Release|ARM
		{2414FA9A-7692-4622-A27B-818B7AB0B9C3}.AppStore|ARM.Deploy.0 = Release|ARM
		{2414FA9A-7692-4622-A27B-818B7AB0B9C3}.AppStore|iPhone.ActiveCfg = Release|x86
		{2414FA9A-7692-4622-A27B-818B7AB0B9C3}.AppStore|iPhone.Build.0 = Release|x86
		{2414FA9A-7692-4622-A27B-818B7AB0B9C3}.AppStore|iPhone.Deploy.0 = Release|x86
		{2414FA9A-7692-4622-A27B-818B7AB0B9C3}.AppStore|iPhoneSimulator.ActiveCfg = Release|x86
		{2414FA9A-7692-4622-A27B-818B7AB0B9C3}.AppStore|iPhoneSimulator.Build.0 = Release|x86
		{2414FA9A-7692-4622-A27B-818B7AB0B9C3}.AppStore|iPhoneSimulator.Deploy.0 = Release|x86
		{2414FA9A-7692-4622-A27B-818B7AB0B9C3}.AppStore|x64.ActiveCfg = Release|x64
		{2414FA9A-7692-4622-A27B-818B7AB0B9C3}.AppStore|x64.Build.0 = Release|x64
		{2414FA9A-7692-4622-A27B-818B7AB0B9C3}.AppStore|x64.Deploy.0 = Release|x64
		{2414FA9A-7692-4622-A27B-818B7AB0B9C3}.AppStore|x86.ActiveCfg = Release|x86
		{2414FA9A-7692-4622-A27B-818B7AB0B9C3}.AppStore|x86.Build.0 = Release|x86
		{2414FA9A-7692-4622-A27B-818B7AB0B9C3}.AppStore|x86.Deploy.0 = Release|x86
		{2414FA9A-7692-4622-A27B-818B7AB0B9C3}.Debug|Any CPU.ActiveCfg = Debug|x86
		{2414FA9A-7692-4622-A27B-818B7AB0B9C3}.Debug|ARM.ActiveCfg = Debug|ARM
		{2414FA9A-7692-4622-A27B-818B7AB0B9C3}.Debug|ARM.Build.0 = Debug|ARM
		{2414FA9A-7692-4622-A27B-818B7AB0B9C3}.Debug|ARM.Deploy.0 = Debug|ARM
		{2414FA9A-7692-4622-A27B-818B7AB0B9C3}.Debug|iPhone.ActiveCfg = Debug|x86
		{2414FA9A-7692-4622-A27B-818B7AB0B9C3}.Debug|iPhoneSimulator.ActiveCfg = Debug|x86
		{2414FA9A-7692-4622-A27B-818B7AB0B9C3}.Debug|x64.ActiveCfg = Debug|x64
		{2414FA9A-7692-4622-A27B-818B7AB0B9C3}.Debug|x64.Build.0 = Debug|x64
		{2414FA9A-7692-4622-A27B-818B7AB0B9C3}.Debug|x64.Deploy.0 = Debug|x64
		{2414FA9A-7692-4622-A27B-818B7AB0B9C3}.Debug|x86.ActiveCfg = Debug|x86
		{2414FA9A-7692-4622-A27B-818B7AB0B9C3}.Debug|x86.Build.0 = Debug|x86
		{2414FA9A-7692-4622-A27B-818B7AB0B9C3}.Debug|x86.Deploy.0 = Debug|x86
		{2414FA9A-7692-4622-A27B-818B7AB0B9C3}.Release|Any CPU.ActiveCfg = Release|x86
		{2414FA9A-7692-4622-A27B-818B7AB0B9C3}.Release|ARM.ActiveCfg = Release|ARM
		{2414FA9A-7692-4622-A27B-818B7AB0B9C3}.Release|ARM.Build.0 = Release|ARM
		{2414FA9A-7692-4622-A27B-818B7AB0B9C3}.Release|ARM.Deploy.0 = Release|ARM
		{2414FA9A-7692-4622-A27B-818B7AB0B9C3}.Release|iPhone.ActiveCfg = Release|x86
		{2414FA9A-7692-4622-A27B-818B7AB0B9C3}.Release|iPhoneSimulator.ActiveCfg = Release|x86
		{2414FA9A-7692-4622-A27B-818B7AB0B9C3}.Release|x64.ActiveCfg = Release|x64
		{2414FA9A-7692-4622-A27B-818B7AB0B9C3}.Release|x64.Build.0 = Release|x64
		{2414FA9A-7692-4622-A27B-818B7AB0B9C3}.Release|x64.Deploy.0 = Release|x64
		{2414FA9A-7692-4622-A27B-818B7AB0B9C3}.Release|x86.ActiveCfg = Release|x86
		{2414FA9A-7692-4622-A27B-818B7AB0B9C3}.Release|x86.Build.0 = Release|x86
		{2414FA9A-7692-4622-A27B-818B7AB0B9C3}.Release|x86.Deploy.0 = Release|x86
		{97B774F8-C4C4-4204-AA3C-6467182D95D7}.Ad-Hoc|Any CPU.ActiveCfg = Release|Any CPU
		{97B774F8-C4C4-4204-AA3C-6467182D95D7}.Ad-Hoc|Any CPU.Build.0 = Release|Any CPU
		{97B774F8-C4C4-4204-AA3C-6467182D95D7}.Ad-Hoc|Any CPU.Deploy.0 = Release|Any CPU
		{97B774F8-C4C4-4204-AA3C-6467182D95D7}.Ad-Hoc|ARM.ActiveCfg = Release|ARM
		{97B774F8-C4C4-4204-AA3C-6467182D95D7}.Ad-Hoc|ARM.Build.0 = Release|ARM
		{97B774F8-C4C4-4204-AA3C-6467182D95D7}.Ad-Hoc|ARM.Deploy.0 = Release|ARM
		{97B774F8-C4C4-4204-AA3C-6467182D95D7}.Ad-Hoc|iPhone.ActiveCfg = Release|Any CPU
		{97B774F8-C4C4-4204-AA3C-6467182D95D7}.Ad-Hoc|iPhone.Build.0 = Release|Any CPU
		{97B774F8-C4C4-4204-AA3C-6467182D95D7}.Ad-Hoc|iPhone.Deploy.0 = Release|Any CPU
		{97B774F8-C4C4-4204-AA3C-6467182D95D7}.Ad-Hoc|iPhoneSimulator.ActiveCfg = Release|Any CPU
		{97B774F8-C4C4-4204-AA3C-6467182D95D7}.Ad-Hoc|iPhoneSimulator.Build.0 = Release|Any CPU
		{97B774F8-C4C4-4204-AA3C-6467182D95D7}.Ad-Hoc|iPhoneSimulator.Deploy.0 = Release|Any CPU
		{97B774F8-C4C4-4204-AA3C-6467182D95D7}.Ad-Hoc|x64.ActiveCfg = Release|x64
		{97B774F8-C4C4-4204-AA3C-6467182D95D7}.Ad-Hoc|x64.Build.0 = Release|x64
		{97B774F8-C4C4-4204-AA3C-6467182D95D7}.Ad-Hoc|x64.Deploy.0 = Release|x64
		{97B774F8-C4C4-4204-AA3C-6467182D95D7}.Ad-Hoc|x86.ActiveCfg = Release|x86
		{97B774F8-C4C4-4204-AA3C-6467182D95D7}.Ad-Hoc|x86.Build.0 = Release|x86
		{97B774F8-C4C4-4204-AA3C-6467182D95D7}.Ad-Hoc|x86.Deploy.0 = Release|x86
		{97B774F8-C4C4-4204-AA3C-6467182D95D7}.AppStore|Any CPU.ActiveCfg = Release|Any CPU
		{97B774F8-C4C4-4204-AA3C-6467182D95D7}.AppStore|Any CPU.Build.0 = Release|Any CPU
		{97B774F8-C4C4-4204-AA3C-6467182D95D7}.AppStore|Any CPU.Deploy.0 = Release|Any CPU
		{97B774F8-C4C4-4204-AA3C-6467182D95D7}.AppStore|ARM.ActiveCfg = Release|ARM
		{97B774F8-C4C4-4204-AA3C-6467182D95D7}.AppStore|ARM.Build.0 = Release|ARM
		{97B774F8-C4C4-4204-AA3C-6467182D95D7}.AppStore|ARM.Deploy.0 = Release|ARM
		{97B774F8-C4C4-4204-AA3C-6467182D95D7}.AppStore|iPhone.ActiveCfg = Release|Any CPU
		{97B774F8-C4C4-4204-AA3C-6467182D95D7}.AppStore|iPhone.Build.0 = Release|Any CPU
		{97B774F8-C4C4-4204-AA3C-6467182D95D7}.AppStore|iPhone.Deploy.0 = Release|Any CPU
		{97B774F8-C4C4-4204-AA3C-6467182D95D7}.AppStore|iPhoneSimulator.ActiveCfg = Release|Any CPU
		{97B774F8-C4C4-4204-AA3C-6467182D95D7}.AppStore|iPhoneSimulator.Build.0 = Release|Any CPU
		{97B774F8-C4C4-4204-AA3C-6467182D95D7}.AppStore|iPhoneSimulator.Deploy.0 = Release|Any CPU
		{97B774F8-C4C4-4204-AA3C-6467182D95D7}.AppStore|x64.ActiveCfg = Release|x64
		{97B774F8-C4C4-4204-AA3C-6467182D95D7}.AppStore|x64.Build.0 = Release|x64
		{97B774F8-C4C4-4204-AA3C-6467182D95D7}.AppStore|x64.Deploy.0 = Release|x64
		{97B774F8-C4C4-4204-AA3C-6467182D95D7}.AppStore|x86.ActiveCfg = Release|x86
		{97B774F8-C4C4-4204-AA3C-6467182D95D7}.AppStore|x86.Build.0 = Release|x86
		{97B774F8-C4C4-4204-AA3C-6467182D95D7}.AppStore|x86.Deploy.0 = Release|x86
		{97B774F8-C4C4-4204-AA3C-6467182D95D7}.Debug|Any CPU.ActiveCfg = Debug|Any CPU
		{97B774F8-C4C4-4204-AA3C-6467182D95D7}.Debug|Any CPU.Build.0 = Debug|Any CPU
		{97B774F8-C4C4-4204-AA3C-6467182D95D7}.Debug|Any CPU.Deploy.0 = Debug|Any CPU
		{97B774F8-C4C4-4204-AA3C-6467182D95D7}.Debug|ARM.ActiveCfg = Debug|ARM
		{97B774F8-C4C4-4204-AA3C-6467182D95D7}.Debug|ARM.Build.0 = Debug|ARM
		{97B774F8-C4C4-4204-AA3C-6467182D95D7}.Debug|ARM.Deploy.0 = Debug|ARM
		{97B774F8-C4C4-4204-AA3C-6467182D95D7}.Debug|iPhone.ActiveCfg = Debug|Any CPU
		{97B774F8-C4C4-4204-AA3C-6467182D95D7}.Debug|iPhone.Build.0 = Debug|Any CPU
		{97B774F8-C4C4-4204-AA3C-6467182D95D7}.Debug|iPhone.Deploy.0 = Debug|Any CPU
		{97B774F8-C4C4-4204-AA3C-6467182D95D7}.Debug|iPhoneSimulator.ActiveCfg = Debug|Any CPU
		{97B774F8-C4C4-4204-AA3C-6467182D95D7}.Debug|iPhoneSimulator.Build.0 = Debug|Any CPU
		{97B774F8-C4C4-4204-AA3C-6467182D95D7}.Debug|iPhoneSimulator.Deploy.0 = Debug|Any CPU
		{97B774F8-C4C4-4204-AA3C-6467182D95D7}.Debug|x64.ActiveCfg = Debug|x64
		{97B774F8-C4C4-4204-AA3C-6467182D95D7}.Debug|x64.Build.0 = Debug|x64
		{97B774F8-C4C4-4204-AA3C-6467182D95D7}.Debug|x64.Deploy.0 = Debug|x64
		{97B774F8-C4C4-4204-AA3C-6467182D95D7}.Debug|x86.ActiveCfg = Debug|x86
		{97B774F8-C4C4-4204-AA3C-6467182D95D7}.Debug|x86.Build.0 = Debug|x86
		{97B774F8-C4C4-4204-AA3C-6467182D95D7}.Debug|x86.Deploy.0 = Debug|x86
		{97B774F8-C4C4-4204-AA3C-6467182D95D7}.Release|Any CPU.ActiveCfg = Release|Any CPU
		{97B774F8-C4C4-4204-AA3C-6467182D95D7}.Release|Any CPU.Build.0 = Release|Any CPU
		{97B774F8-C4C4-4204-AA3C-6467182D95D7}.Release|Any CPU.Deploy.0 = Release|Any CPU
		{97B774F8-C4C4-4204-AA3C-6467182D95D7}.Release|ARM.ActiveCfg = Release|ARM
		{97B774F8-C4C4-4204-AA3C-6467182D95D7}.Release|ARM.Build.0 = Release|ARM
		{97B774F8-C4C4-4204-AA3C-6467182D95D7}.Release|ARM.Deploy.0 = Release|ARM
		{97B774F8-C4C4-4204-AA3C-6467182D95D7}.Release|iPhone.ActiveCfg = Release|Any CPU
		{97B774F8-C4C4-4204-AA3C-6467182D95D7}.Release|iPhone.Build.0 = Release|Any CPU
		{97B774F8-C4C4-4204-AA3C-6467182D95D7}.Release|iPhone.Deploy.0 = Release|Any CPU
		{97B774F8-C4C4-4204-AA3C-6467182D95D7}.Release|iPhoneSimulator.ActiveCfg = Release|Any CPU
		{97B774F8-C4C4-4204-AA3C-6467182D95D7}.Release|iPhoneSimulator.Build.0 = Release|Any CPU
		{97B774F8-C4C4-4204-AA3C-6467182D95D7}.Release|iPhoneSimulator.Deploy.0 = Release|Any CPU
		{97B774F8-C4C4-4204-AA3C-6467182D95D7}.Release|x64.ActiveCfg = Release|x64
		{97B774F8-C4C4-4204-AA3C-6467182D95D7}.Release|x64.Build.0 = Release|x64
		{97B774F8-C4C4-4204-AA3C-6467182D95D7}.Release|x64.Deploy.0 = Release|x64
		{97B774F8-C4C4-4204-AA3C-6467182D95D7}.Release|x86.ActiveCfg = Release|x86
		{97B774F8-C4C4-4204-AA3C-6467182D95D7}.Release|x86.Build.0 = Release|x86
		{97B774F8-C4C4-4204-AA3C-6467182D95D7}.Release|x86.Deploy.0 = Release|x86
	EndGlobalSection
	GlobalSection(SolutionProperties) = preSolution
		HideSolutionNode = FALSE
	EndGlobalSection
EndGlobal
